
Microsoft Visual Studio Solution File, Format Version 12.00
# Visual Studio Version 16
VisualStudioVersion = 16.0.31702.278
MinimumVisualStudioVersion = 10.0.40219.1
Project("{FAE04EC0-301F-11D3-BF4B-00C04F79EFBC}") = "Hwork18", "Hwork18\Hwork18.csproj", "{CAB6BE03-EBBC-41DE-BB47-0BD6E95783F2}"
EndProject
Global
	GlobalSection(SolutionConfigurationPlatforms) = preSolution
		Debug|Any CPU = Debug|Any CPU
		Release|Any CPU = Release|Any CPU
	EndGlobalSection
	GlobalSection(ProjectConfigurationPlatforms) = postSolution
		{CAB6BE03-EBBC-41DE-BB47-0BD6E95783F2}.Debug|Any CPU.ActiveCfg = Debug|Any CPU
		{CAB6BE03-EBBC-41DE-BB47-0BD6E95783F2}.Debug|Any CPU.Build.0 = Debug|Any CPU
		{CAB6BE03-EBBC-41DE-BB47-0BD6E95783F2}.Release|Any CPU.ActiveCfg = Release|Any CPU
		{CAB6BE03-EBBC-41DE-BB47-0BD6E95783F2}.Release|Any CPU.Build.0 = Release|Any CPU
	EndGlobalSection
	GlobalSection(SolutionProperties) = preSolution
		HideSolutionNode = FALSE
	EndGlobalSection
	GlobalSection(ExtensibilityGlobals) = postSolution
		SolutionGuid = {C274EAB4-CB78-4C64-A679-571E769B69E8}
	EndGlobalSection
EndGlobal
